
Microsoft Visual Studio Solution File, Format Version 12.00
# Visual Studio Version 17
VisualStudioVersion = 17.11.35222.181
MinimumVisualStudioVersion = 10.0.40219.1
Project("{FAE04EC0-301F-11D3-BF4B-00C04F79EFBC}") = "G24W1103WPFLayout", "G24W1103WPFLayout\G24W1103WPFLayout.csproj", "{1F817C2A-1531-4EBB-B1BF-F14E68FBC00D}"
EndProject
Global
	GlobalSection(SolutionConfigurationPlatforms) = preSolution
		Debug|Any CPU = Debug|Any CPU
		Release|Any CPU = Release|Any CPU
	EndGlobalSection
	GlobalSection(ProjectConfigurationPlatforms) = postSolution
		{1F817C2A-1531-4EBB-B1BF-F14E68FBC00D}.Debug|Any CPU.ActiveCfg = Debug|Any CPU
		{1F817C2A-1531-4EBB-B1BF-F14E68FBC00D}.Debug|Any CPU.Build.0 = Debug|Any CPU
		{1F817C2A-1531-4EBB-B1BF-F14E68FBC00D}.Release|Any CPU.ActiveCfg = Release|Any CPU
		{1F817C2A-1531-4EBB-B1BF-F14E68FBC00D}.Release|Any CPU.Build.0 = Release|Any CPU
	EndGlobalSection
	GlobalSection(SolutionProperties) = preSolution
		HideSolutionNode = FALSE
	EndGlobalSection
	GlobalSection(ExtensibilityGlobals) = postSolution
		SolutionGuid = {4336DDC8-548D-4C6D-9A30-C8EDAEADE20C}
	EndGlobalSection
EndGlobal
